
Microsoft Visual Studio Solution File, Format Version 12.00
# Visual Studio 14
VisualStudioVersion = 14.0.23107.0
MinimumVisualStudioVersion = 10.0.40219.1
Project("{FAE04EC0-301F-11D3-BF4B-00C04F79EFBC}") = "NyanCatReporterDataCollector", "NyanCatReporterDataCollector\NyanCatReporterDataCollector.csproj", "{6BF56D44-852D-4E17-ADBD-682DFDBB4851}"
EndProject
Project("{FAE04EC0-301F-11D3-BF4B-00C04F79EFBC}") = "UnitTestProject1", "UnitTestProject1\UnitTestProject1.csproj", "{89285E70-E1CA-4B3F-9476-251F4B9F8607}"
EndProject
Global
	GlobalSection(SolutionConfigurationPlatforms) = preSolution
		Debug|Any CPU = Debug|Any CPU
		Release|Any CPU = Release|Any CPU
	EndGlobalSection
	GlobalSection(ProjectConfigurationPlatforms) = postSolution
		{6BF56D44-852D-4E17-ADBD-682DFDBB4851}.Debug|Any CPU.ActiveCfg = Debug|Any CPU
		{6BF56D44-852D-4E17-ADBD-682DFDBB4851}.Debug|Any CPU.Build.0 = Debug|Any CPU
		{6BF56D44-852D-4E17-ADBD-682DFDBB4851}.Release|Any CPU.ActiveCfg = Release|Any CPU
		{6BF56D44-852D-4E17-ADBD-682DFDBB4851}.Release|Any CPU.Build.0 = Release|Any CPU
		{89285E70-E1CA-4B3F-9476-251F4B9F8607}.Debug|Any CPU.ActiveCfg = Debug|Any CPU
		{89285E70-E1CA-4B3F-9476-251F4B9F8607}.Debug|Any CPU.Build.0 = Debug|Any CPU
		{89285E70-E1CA-4B3F-9476-251F4B9F8607}.Release|Any CPU.ActiveCfg = Release|Any CPU
		{89285E70-E1CA-4B3F-9476-251F4B9F8607}.Release|Any CPU.Build.0 = Release|Any CPU
	EndGlobalSection
	GlobalSection(SolutionProperties) = preSolution
		HideSolutionNode = FALSE
	EndGlobalSection
EndGlobal
